
Microsoft Visual Studio Solution File, Format Version 12.00
# Visual Studio Version 17
VisualStudioVersion = 17.14.36203.30 d17.14
MinimumVisualStudioVersion = 10.0.40219.1
Project("{FAE04EC0-301F-11D3-BF4B-00C04F79EFBC}") = "KP_Eventify", "KP_Eventify\KP_Eventify.csproj", "{D44C4A67-4269-4E63-BB85-70B2F89AF929}"
EndProject
Global
	GlobalSection(SolutionConfigurationPlatforms) = preSolution
		Debug|Any CPU = Debug|Any CPU
		Release|Any CPU = Release|Any CPU
	EndGlobalSection
	GlobalSection(ProjectConfigurationPlatforms) = postSolution
		{D44C4A67-4269-4E63-BB85-70B2F89AF929}.Debug|Any CPU.ActiveCfg = Debug|Any CPU
		{D44C4A67-4269-4E63-BB85-70B2F89AF929}.Debug|Any CPU.Build.0 = Debug|Any CPU
		{D44C4A67-4269-4E63-BB85-70B2F89AF929}.Release|Any CPU.ActiveCfg = Release|Any CPU
		{D44C4A67-4269-4E63-BB85-70B2F89AF929}.Release|Any CPU.Build.0 = Release|Any CPU
	EndGlobalSection
	GlobalSection(SolutionProperties) = preSolution
		HideSolutionNode = FALSE
	EndGlobalSection
	GlobalSection(ExtensibilityGlobals) = postSolution
		SolutionGuid = {5A7CF81C-36F7-46FF-B8B1-4344A863718B}
	EndGlobalSection
EndGlobal
